// !$*UTF8*$!
{
	archiveVersion = 1;
	classes = {
	};
	objectVersion = 46;
	objects = {

/* Begin PBXBuildFile section */
		FA7B78A4193C4DE10017D795 /* OpenGL.framework in Frameworks */ = {isa = PBXBuildFile; fileRef = FA7B78A3193C4DE10017D795 /* OpenGL.framework */; };
		FA7B78A6193C4DF90017D795 /* libglfw.3.0.dylib in Frameworks */ = {isa = PBXBuildFile; fileRef = FA7B78A5193C4DF90017D795 /* libglfw.3.0.dylib */; };
		FA7B78AB193C4E9F0017D795 /* GameManager.cpp in Sources */ = {isa = PBXBuildFile; fileRef = FA7B78A9193C4E9F0017D795 /* GameManager.cpp */; };
		FA7B78AE193C51AF0017D795 /* ResourceManager.cpp in Sources */ = {isa = PBXBuildFile; fileRef = FA7B78AC193C51AF0017D795 /* ResourceManager.cpp */; };
		FA7B78B1193C51C50017D795 /* ShaderInterface.cpp in Sources */ = {isa = PBXBuildFile; fileRef = FA7B78AF193C51C50017D795 /* ShaderInterface.cpp */; };
		FA7B78B4193C51D30017D795 /* VertexBuffer.cpp in Sources */ = {isa = PBXBuildFile; fileRef = FA7B78B2193C51D30017D795 /* VertexBuffer.cpp */; };
		FA7B78B7193C51E00017D795 /* ShaderLoader.cpp in Sources */ = {isa = PBXBuildFile; fileRef = FA7B78B5193C51E00017D795 /* ShaderLoader.cpp */; };
		FA7B78BB193C524E0017D795 /* RenderSystem.cpp in Sources */ = {isa = PBXBuildFile; fileRef = FA7B78B9193C524E0017D795 /* RenderSystem.cpp */; };
		FA7B78BE193C63AD0017D795 /* ShaderData.cpp in Sources */ = {isa = PBXBuildFile; fileRef = FA7B78BC193C63AD0017D795 /* ShaderData.cpp */; };
		FA7B78C5193C64340017D795 /* Vectors.cpp in Sources */ = {isa = PBXBuildFile; fileRef = FA7B78C3193C64340017D795 /* Vectors.cpp */; };
		FA7B78C8193C67B60017D795 /* Matricies.cpp in Sources */ = {isa = PBXBuildFile; fileRef = FA7B78C6193C67B60017D795 /* Matricies.cpp */; };
		FA7B78CD193C6E830017D795 /* ColorShader.vsh in CopyFiles */ = {isa = PBXBuildFile; fileRef = FA7B78CB193C6E3C0017D795 /* ColorShader.vsh */; };
		FA7B78CE193C6E830017D795 /* ColorShader.fsh in CopyFiles */ = {isa = PBXBuildFile; fileRef = FA7B78CC193C6E610017D795 /* ColorShader.fsh */; };
		FA7B78D0193C70800017D795 /* GLKit.framework in Frameworks */ = {isa = PBXBuildFile; fileRef = FA7B78CF193C70800017D795 /* GLKit.framework */; };
		FA7B78D6193C75070017D795 /* SimpleLightShader.vsh in CopyFiles */ = {isa = PBXBuildFile; fileRef = FA7B78D1193C722A0017D795 /* SimpleLightShader.vsh */; };
		FA7B78D7193C75070017D795 /* SimpleLightShader.fsh in CopyFiles */ = {isa = PBXBuildFile; fileRef = FA7B78D2193C723F0017D795 /* SimpleLightShader.fsh */; };
		FA9D8217193C4A21001B739C /* main.cpp in Sources */ = {isa = PBXBuildFile; fileRef = FA9D8216193C4A21001B739C /* main.cpp */; };
		FA9D8219193C4A21001B739C /* RCM.1 in CopyFiles */ = {isa = PBXBuildFile; fileRef = FA9D8218193C4A21001B739C /* RCM.1 */; };
/* End PBXBuildFile section */

/* Begin PBXCopyFilesBuildPhase section */
		FA9D8211193C4A21001B739C /* CopyFiles */ = {
			isa = PBXCopyFilesBuildPhase;
			buildActionMask = 12;
			dstPath = "";
			dstSubfolderSpec = 16;
			files = (
				FA7B78D6193C75070017D795 /* SimpleLightShader.vsh in CopyFiles */,
				FA7B78D7193C75070017D795 /* SimpleLightShader.fsh in CopyFiles */,
				FA7B78CD193C6E830017D795 /* ColorShader.vsh in CopyFiles */,
				FA7B78CE193C6E830017D795 /* ColorShader.fsh in CopyFiles */,
				FA9D8219193C4A21001B739C /* RCM.1 in CopyFiles */,
			);
			runOnlyForDeploymentPostprocessing = 0;
		};
/* End PBXCopyFilesBuildPhase section */

/* Begin PBXFileReference section */
		FA7B78A3193C4DE10017D795 /* OpenGL.framework */ = {isa = PBXFileReference; lastKnownFileType = wrapper.framework; name = OpenGL.framework; path = System/Library/Frameworks/OpenGL.framework; sourceTree = SDKROOT; };
		FA7B78A5193C4DF90017D795 /* libglfw.3.0.dylib */ = {isa = PBXFileReference; lastKnownFileType = "compiled.mach-o.dylib"; name = libglfw.3.0.dylib; path = /usr/local/lib/libglfw.3.0.dylib; sourceTree = "<absolute>"; };
		FA7B78A9193C4E9F0017D795 /* GameManager.cpp */ = {isa = PBXFileReference; fileEncoding = 4; lastKnownFileType = sourcecode.cpp.cpp; path = GameManager.cpp; sourceTree = "<group>"; };
		FA7B78AA193C4E9F0017D795 /* GameManager.h */ = {isa = PBXFileReference; fileEncoding = 4; lastKnownFileType = sourcecode.c.h; path = GameManager.h; sourceTree = "<group>"; };
		FA7B78AC193C51AF0017D795 /* ResourceManager.cpp */ = {isa = PBXFileReference; fileEncoding = 4; lastKnownFileType = sourcecode.cpp.cpp; path = ResourceManager.cpp; sourceTree = "<group>"; };
		FA7B78AD193C51AF0017D795 /* ResourceManager.h */ = {isa = PBXFileReference; fileEncoding = 4; lastKnownFileType = sourcecode.c.h; path = ResourceManager.h; sourceTree = "<group>"; };
		FA7B78AF193C51C50017D795 /* ShaderInterface.cpp */ = {isa = PBXFileReference; fileEncoding = 4; lastKnownFileType = sourcecode.cpp.cpp; path = ShaderInterface.cpp; sourceTree = "<group>"; };
		FA7B78B0193C51C50017D795 /* ShaderInterface.h */ = {isa = PBXFileReference; fileEncoding = 4; lastKnownFileType = sourcecode.c.h; path = ShaderInterface.h; sourceTree = "<group>"; };
		FA7B78B2193C51D30017D795 /* VertexBuffer.cpp */ = {isa = PBXFileReference; fileEncoding = 4; lastKnownFileType = sourcecode.cpp.cpp; path = VertexBuffer.cpp; sourceTree = "<group>"; };
		FA7B78B3193C51D30017D795 /* VertexBuffer.h */ = {isa = PBXFileReference; fileEncoding = 4; lastKnownFileType = sourcecode.c.h; path = VertexBuffer.h; sourceTree = "<group>"; };
		FA7B78B5193C51E00017D795 /* ShaderLoader.cpp */ = {isa = PBXFileReference; fileEncoding = 4; lastKnownFileType = sourcecode.cpp.cpp; path = ShaderLoader.cpp; sourceTree = "<group>"; };
		FA7B78B6193C51E00017D795 /* ShaderLoader.h */ = {isa = PBXFileReference; fileEncoding = 4; lastKnownFileType = sourcecode.c.h; path = ShaderLoader.h; sourceTree = "<group>"; };
		FA7B78B8193C52270017D795 /* VertexData.h */ = {isa = PBXFileReference; lastKnownFileType = sourcecode.c.h; path = VertexData.h; sourceTree = "<group>"; };
		FA7B78B9193C524E0017D795 /* RenderSystem.cpp */ = {isa = PBXFileReference; fileEncoding = 4; lastKnownFileType = sourcecode.cpp.cpp; path = RenderSystem.cpp; sourceTree = "<group>"; };
		FA7B78BA193C524E0017D795 /* RenderSystem.h */ = {isa = PBXFileReference; fileEncoding = 4; lastKnownFileType = sourcecode.c.h; path = RenderSystem.h; sourceTree = "<group>"; };
		FA7B78BC193C63AD0017D795 /* ShaderData.cpp */ = {isa = PBXFileReference; fileEncoding = 4; lastKnownFileType = sourcecode.cpp.cpp; path = ShaderData.cpp; sourceTree = "<group>"; };
		FA7B78BD193C63AD0017D795 /* ShaderData.h */ = {isa = PBXFileReference; fileEncoding = 4; lastKnownFileType = sourcecode.c.h; path = ShaderData.h; sourceTree = "<group>"; };
		FA7B78C3193C64340017D795 /* Vectors.cpp */ = {isa = PBXFileReference; fileEncoding = 4; lastKnownFileType = sourcecode.cpp.cpp; path = Vectors.cpp; sourceTree = "<group>"; };
		FA7B78C4193C64340017D795 /* Vectors.h */ = {isa = PBXFileReference; fileEncoding = 4; lastKnownFileType = sourcecode.c.h; path = Vectors.h; sourceTree = "<group>"; };
		FA7B78C6193C67B60017D795 /* Matricies.cpp */ = {isa = PBXFileReference; fileEncoding = 4; lastKnownFileType = sourcecode.cpp.cpp; path = Matricies.cpp; sourceTree = "<group>"; };
		FA7B78C7193C67B60017D795 /* Matricies.h */ = {isa = PBXFileReference; fileEncoding = 4; lastKnownFileType = sourcecode.c.h; path = Matricies.h; sourceTree = "<group>"; };
		FA7B78CA193C69780017D795 /* Triangle.h */ = {isa = PBXFileReference; lastKnownFileType = sourcecode.c.h; path = Triangle.h; sourceTree = "<group>"; };
		FA7B78CB193C6E3C0017D795 /* ColorShader.vsh */ = {isa = PBXFileReference; fileEncoding = 4; lastKnownFileType = sourcecode.glsl; path = ColorShader.vsh; sourceTree = "<group>"; };
		FA7B78CC193C6E610017D795 /* ColorShader.fsh */ = {isa = PBXFileReference; fileEncoding = 4; lastKnownFileType = sourcecode.glsl; path = ColorShader.fsh; sourceTree = "<group>"; };
		FA7B78CF193C70800017D795 /* GLKit.framework */ = {isa = PBXFileReference; lastKnownFileType = wrapper.framework; name = GLKit.framework; path = System/Library/Frameworks/GLKit.framework; sourceTree = SDKROOT; };
		FA7B78D1193C722A0017D795 /* SimpleLightShader.vsh */ = {isa = PBXFileReference; fileEncoding = 4; lastKnownFileType = sourcecode.glsl; path = SimpleLightShader.vsh; sourceTree = "<group>"; };
		FA7B78D2193C723F0017D795 /* SimpleLightShader.fsh */ = {isa = PBXFileReference; fileEncoding = 4; lastKnownFileType = sourcecode.glsl; path = SimpleLightShader.fsh; sourceTree = "<group>"; };
		FA7B78D5193C74130017D795 /* Cube.h */ = {isa = PBXFileReference; lastKnownFileType = sourcecode.c.h; path = Cube.h; sourceTree = "<group>"; };
		FA9D8213193C4A21001B739C /* RCM */ = {isa = PBXFileReference; explicitFileType = "compiled.mach-o.executable"; includeInIndex = 0; path = RCM; sourceTree = BUILT_PRODUCTS_DIR; };
		FA9D8216193C4A21001B739C /* main.cpp */ = {isa = PBXFileReference; lastKnownFileType = sourcecode.cpp.cpp; path = main.cpp; sourceTree = "<group>"; };
		FA9D8218193C4A21001B739C /* RCM.1 */ = {isa = PBXFileReference; lastKnownFileType = text.man; path = RCM.1; sourceTree = "<group>"; };
/* End PBXFileReference section */

/* Begin PBXFrameworksBuildPhase section */
		FA9D8210193C4A21001B739C /* Frameworks */ = {
			isa = PBXFrameworksBuildPhase;
			buildActionMask = 2147483647;
			files = (
				FA7B78D0193C70800017D795 /* GLKit.framework in Frameworks */,
				FA7B78A6193C4DF90017D795 /* libglfw.3.0.dylib in Frameworks */,
				FA7B78A4193C4DE10017D795 /* OpenGL.framework in Frameworks */,
			);
			runOnlyForDeploymentPostprocessing = 0;
		};
/* End PBXFrameworksBuildPhase section */

/* Begin PBXGroup section */
		FA7B789F193C4D400017D795 /* Standard */ = {
			isa = PBXGroup;
			children = (
				FA9D8216193C4A21001B739C /* main.cpp */,
				FA9D8218193C4A21001B739C /* RCM.1 */,
			);
			name = Standard;
			sourceTree = "<group>";
		};
		FA7B78A0193C4D530017D795 /* Resources */ = {
			isa = PBXGroup;
			children = (
				FA7B78C9193C69600017D795 /* Objects */,
				FA7B78A8193C4E470017D795 /* Shaders */,
			);
			name = Resources;
			path = RCM;
			sourceTree = "<group>";
		};
		FA7B78A1193C4D600017D795 /* ShaderTools */ = {
			isa = PBXGroup;
			children = (
				FA7B78B9193C524E0017D795 /* RenderSystem.cpp */,
				FA7B78BA193C524E0017D795 /* RenderSystem.h */,
				FA7B78AF193C51C50017D795 /* ShaderInterface.cpp */,
				FA7B78B0193C51C50017D795 /* ShaderInterface.h */,
				FA7B78B2193C51D30017D795 /* VertexBuffer.cpp */,
				FA7B78B3193C51D30017D795 /* VertexBuffer.h */,
				FA7B78B5193C51E00017D795 /* ShaderLoader.cpp */,
				FA7B78B6193C51E00017D795 /* ShaderLoader.h */,
				FA7B78B8193C52270017D795 /* VertexData.h */,
				FA7B78BC193C63AD0017D795 /* ShaderData.cpp */,
				FA7B78BD193C63AD0017D795 /* ShaderData.h */,
			);
			name = ShaderTools;
			sourceTree = "<group>";
		};
		FA7B78A2193C4D820017D795 /* ManagmentTools */ = {
			isa = PBXGroup;
			children = (
				FA7B78A9193C4E9F0017D795 /* GameManager.cpp */,
				FA7B78AA193C4E9F0017D795 /* GameManager.h */,
				FA7B78AC193C51AF0017D795 /* ResourceManager.cpp */,
				FA7B78AD193C51AF0017D795 /* ResourceManager.h */,
			);
			name = ManagmentTools;
			sourceTree = "<group>";
		};
		FA7B78A7193C4E030017D795 /* Frameworks */ = {
			isa = PBXGroup;
			children = (
				FA7B78CF193C70800017D795 /* GLKit.framework */,
				FA7B78A5193C4DF90017D795 /* libglfw.3.0.dylib */,
				FA7B78A3193C4DE10017D795 /* OpenGL.framework */,
			);
			name = Frameworks;
			sourceTree = "<group>";
		};
		FA7B78A8193C4E470017D795 /* Shaders */ = {
			isa = PBXGroup;
			children = (
				FA7B78CB193C6E3C0017D795 /* ColorShader.vsh */,
				FA7B78CC193C6E610017D795 /* ColorShader.fsh */,
				FA7B78D1193C722A0017D795 /* SimpleLightShader.vsh */,
				FA7B78D2193C723F0017D795 /* SimpleLightShader.fsh */,
			);
			name = Shaders;
			sourceTree = "<group>";
		};
		FA7B78BF193C640C0017D795 /* Vectors&Matricies */ = {
			isa = PBXGroup;
			children = (
				FA7B78C3193C64340017D795 /* Vectors.cpp */,
				FA7B78C4193C64340017D795 /* Vectors.h */,
				FA7B78C6193C67B60017D795 /* Matricies.cpp */,
				FA7B78C7193C67B60017D795 /* Matricies.h */,
			);
			name = "Vectors&Matricies";
			sourceTree = "<group>";
		};
		FA7B78C9193C69600017D795 /* Objects */ = {
			isa = PBXGroup;
			children = (
				FA7B78CA193C69780017D795 /* Triangle.h */,
				FA7B78D5193C74130017D795 /* Cube.h */,
			);
			name = Objects;
			sourceTree = "<group>";
		};
		FA9D820A193C4A21001B739C = {
			isa = PBXGroup;
			children = (
				FA9D8215193C4A21001B739C /* RCM */,
				FA7B78A0193C4D530017D795 /* Resources */,
				FA7B78A7193C4E030017D795 /* Frameworks */,
				FA9D8214193C4A21001B739C /* Products */,
			);
			sourceTree = "<group>";
		};
		FA9D8214193C4A21001B739C /* Products */ = {
			isa = PBXGroup;
			children = (
				FA9D8213193C4A21001B739C /* RCM */,
			);
			name = Products;
			sourceTree = "<group>";
		};
		FA9D8215193C4A21001B739C /* RCM */ = {
			isa = PBXGroup;
			children = (
				FA7B78BF193C640C0017D795 /* Vectors&Matricies */,
				FA7B78A2193C4D820017D795 /* ManagmentTools */,
				FA7B78A1193C4D600017D795 /* ShaderTools */,
				FA7B789F193C4D400017D795 /* Standard */,
			);
			path = RCM;
			sourceTree = "<group>";
		};
/* End PBXGroup section */

/* Begin PBXNativeTarget section */
		FA9D8212193C4A21001B739C /* RCM */ = {
			isa = PBXNativeTarget;
			buildConfigurationList = FA9D821C193C4A21001B739C /* Build configuration list for PBXNativeTarget "RCM" */;
			buildPhases = (
				FA9D820F193C4A21001B739C /* Sources */,
				FA9D8210193C4A21001B739C /* Frameworks */,
				FA9D8211193C4A21001B739C /* CopyFiles */,
			);
			buildRules = (
			);
			dependencies = (
			);
			name = RCM;
			productName = RCM;
			productReference = FA9D8213193C4A21001B739C /* RCM */;
			productType = "com.apple.product-type.tool";
		};
/* End PBXNativeTarget section */

/* Begin PBXProject section */
		FA9D820B193C4A21001B739C /* Project object */ = {
			isa = PBXProject;
			attributes = {
				LastUpgradeCheck = 0510;
				ORGANIZATIONNAME = "Rolling Cheese Man";
			};
			buildConfigurationList = FA9D820E193C4A21001B739C /* Build configuration list for PBXProject "RCM" */;
			compatibilityVersion = "Xcode 3.2";
			developmentRegion = English;
			hasScannedForEncodings = 0;
			knownRegions = (
				en,
			);
			mainGroup = FA9D820A193C4A21001B739C;
			productRefGroup = FA9D8214193C4A21001B739C /* Products */;
			projectDirPath = "";
			projectRoot = "";
			targets = (
				FA9D8212193C4A21001B739C /* RCM */,
			);
		};
/* End PBXProject section */

/* Begin PBXSourcesBuildPhase section */
		FA9D820F193C4A21001B739C /* Sources */ = {
			isa = PBXSourcesBuildPhase;
			buildActionMask = 2147483647;
			files = (
				FA7B78BE193C63AD0017D795 /* ShaderData.cpp in Sources */,
				FA7B78B1193C51C50017D795 /* ShaderInterface.cpp in Sources */,
				FA7B78B4193C51D30017D795 /* VertexBuffer.cpp in Sources */,
				FA9D8217193C4A21001B739C /* main.cpp in Sources */,
				FA7B78C5193C64340017D795 /* Vectors.cpp in Sources */,
				FA7B78C8193C67B60017D795 /* Matricies.cpp in Sources */,
				FA7B78B7193C51E00017D795 /* ShaderLoader.cpp in Sources */,
				FA7B78AB193C4E9F0017D795 /* GameManager.cpp in Sources */,
				FA7B78AE193C51AF0017D795 /* ResourceManager.cpp in Sources */,
				FA7B78BB193C524E0017D795 /* RenderSystem.cpp in Sources */,
			);
			runOnlyForDeploymentPostprocessing = 0;
		};
/* End PBXSourcesBuildPhase section */

/* Begin XCBuildConfiguration section */
		FA9D821A193C4A21001B739C /* Debug */ = {
			isa = XCBuildConfiguration;
			buildSettings = {
				ALWAYS_SEARCH_USER_PATHS = NO;
				CLANG_CXX_LANGUAGE_STANDARD = "gnu++0x";
				CLANG_CXX_LIBRARY = "libc++";
				CLANG_ENABLE_MODULES = YES;
				CLANG_ENABLE_OBJC_ARC = YES;
				CLANG_WARN_BOOL_CONVERSION = YES;
				CLANG_WARN_CONSTANT_CONVERSION = YES;
				CLANG_WARN_DIRECT_OBJC_ISA_USAGE = YES_ERROR;
				CLANG_WARN_EMPTY_BODY = YES;
				CLANG_WARN_ENUM_CONVERSION = YES;
				CLANG_WARN_INT_CONVERSION = YES;
				CLANG_WARN_OBJC_ROOT_CLASS = YES_ERROR;
				CLANG_WARN__DUPLICATE_METHOD_MATCH = YES;
				COPY_PHASE_STRIP = NO;
				GCC_C_LANGUAGE_STANDARD = gnu99;
				GCC_DYNAMIC_NO_PIC = NO;
				GCC_ENABLE_OBJC_EXCEPTIONS = YES;
				GCC_OPTIMIZATION_LEVEL = 0;
				GCC_PREPROCESSOR_DEFINITIONS = (
					"DEBUG=1",
					"$(inherited)",
				);
				GCC_SYMBOLS_PRIVATE_EXTERN = NO;
				GCC_WARN_64_TO_32_BIT_CONVERSION = YES;
				GCC_WARN_ABOUT_RETURN_TYPE = YES_ERROR;
				GCC_WARN_UNDECLARED_SELECTOR = YES;
				GCC_WARN_UNINITIALIZED_AUTOS = YES_AGGRESSIVE;
				GCC_WARN_UNUSED_FUNCTION = YES;
				GCC_WARN_UNUSED_VARIABLE = YES;
				MACOSX_DEPLOYMENT_TARGET = 10.9;
				ONLY_ACTIVE_ARCH = YES;
				SDKROOT = macosx;
			};
			name = Debug;
		};
		FA9D821B193C4A21001B739C /* Release */ = {
			isa = XCBuildConfiguration;
			buildSettings = {
				ALWAYS_SEARCH_USER_PATHS = NO;
				CLANG_CXX_LANGUAGE_STANDARD = "gnu++0x";
				CLANG_CXX_LIBRARY = "libc++";
				CLANG_ENABLE_MODULES = YES;
				CLANG_ENABLE_OBJC_ARC = YES;
				CLANG_WARN_BOOL_CONVERSION = YES;
				CLANG_WARN_CONSTANT_CONVERSION = YES;
				CLANG_WARN_DIRECT_OBJC_ISA_USAGE = YES_ERROR;
				CLANG_WARN_EMPTY_BODY = YES;
				CLANG_WARN_ENUM_CONVERSION = YES;
				CLANG_WARN_INT_CONVERSION = YES;
				CLANG_WARN_OBJC_ROOT_CLASS = YES_ERROR;
				CLANG_WARN__DUPLICATE_METHOD_MATCH = YES;
				COPY_PHASE_STRIP = YES;
				DEBUG_INFORMATION_FORMAT = "dwarf-with-dsym";
				ENABLE_NS_ASSERTIONS = NO;
				GCC_C_LANGUAGE_STANDARD = gnu99;
				GCC_ENABLE_OBJC_EXCEPTIONS = YES;
				GCC_WARN_64_TO_32_BIT_CONVERSION = YES;
				GCC_WARN_ABOUT_RETURN_TYPE = YES_ERROR;
				GCC_WARN_UNDECLARED_SELECTOR = YES;
				GCC_WARN_UNINITIALIZED_AUTOS = YES_AGGRESSIVE;
				GCC_WARN_UNUSED_FUNCTION = YES;
				GCC_WARN_UNUSED_VARIABLE = YES;
				MACOSX_DEPLOYMENT_TARGET = 10.9;
				SDKROOT = macosx;
			};
			name = Release;
		};
		FA9D821D193C4A21001B739C /* Debug */ = {
			isa = XCBuildConfiguration;
			buildSettings = {
				HEADER_SEARCH_PATHS = (
					"$(inherited)",
					/Applications/Xcode.app/Contents/Developer/Toolchains/XcodeDefault.xctoolchain/usr/include,
					/usr/local/include,
				);
				LIBRARY_SEARCH_PATHS = /usr/local/lib;
				PRODUCT_NAME = "$(TARGET_NAME)";
			};
			name = Debug;
		};
		FA9D821E193C4A21001B739C /* Release */ = {
			isa = XCBuildConfiguration;
			buildSettings = {
				HEADER_SEARCH_PATHS = (
					"$(inherited)",
					/Applications/Xcode.app/Contents/Developer/Toolchains/XcodeDefault.xctoolchain/usr/include,
					/usr/local/include,
				);
				LIBRARY_SEARCH_PATHS = /usr/local/lib;
				PRODUCT_NAME = "$(TARGET_NAME)";
			};
			name = Release;
		};
/* End XCBuildConfiguration section */

/* Begin XCConfigurationList section */
		FA9D820E193C4A21001B739C /* Build configuration list for PBXProject "RCM" */ = {
			isa = XCConfigurationList;
			buildConfigurations = (
				FA9D821A193C4A21001B739C /* Debug */,
				FA9D821B193C4A21001B739C /* Release */,
			);
			defaultConfigurationIsVisible = 0;
			defaultConfigurationName = Release;
		};
		FA9D821C193C4A21001B739C /* Build configuration list for PBXNativeTarget "RCM" */ = {
			isa = XCConfigurationList;
			buildConfigurations = (
				FA9D821D193C4A21001B739C /* Debug */,
				FA9D821E193C4A21001B739C /* Release */,
			);
			defaultConfigurationIsVisible = 0;
			defaultConfigurationName = Release;
		};
/* End XCConfigurationList section */
	};
	rootObject = FA9D820B193C4A21001B739C /* Project object */;
}
